// !$*UTF8*$!
{
	archiveVersion = 1;
	classes = {
	};
	objectVersion = 56;
	objects = {

/* Begin PBXBuildFile section */
		D7C7F4702B6B91FC002834E9 /* CoffeePracticeApp.swift in Sources */ = {isa = PBXBuildFile; fileRef = D7C7F46F2B6B91FC002834E9 /* CoffeePracticeApp.swift */; };
		D7C7F4722B6B91FC002834E9 /* CoffeesView.swift in Sources */ = {isa = PBXBuildFile; fileRef = D7C7F4712B6B91FC002834E9 /* CoffeesView.swift */; };
		D7C7F4742B6B91FF002834E9 /* Assets.xcassets in Resources */ = {isa = PBXBuildFile; fileRef = D7C7F4732B6B91FF002834E9 /* Assets.xcassets */; };
		D7C7F4772B6B91FF002834E9 /* Preview Assets.xcassets in Resources */ = {isa = PBXBuildFile; fileRef = D7C7F4762B6B91FF002834E9 /* Preview Assets.xcassets */; };
		D7C7F4822B6BA6CF002834E9 /* CoffeeDetailView.swift in Sources */ = {isa = PBXBuildFile; fileRef = D7C7F4812B6BA6CF002834E9 /* CoffeeDetailView.swift */; };
		D7C7F4842B6BA6F6002834E9 /* CoffeesViewModel.swift in Sources */ = {isa = PBXBuildFile; fileRef = D7C7F4832B6BA6F6002834E9 /* CoffeesViewModel.swift */; };
		D7C7F4862B6BA70C002834E9 /* CoffeeDetailViewModel.swift in Sources */ = {isa = PBXBuildFile; fileRef = D7C7F4852B6BA70C002834E9 /* CoffeeDetailViewModel.swift */; };
		D7C7F4882B6BCA5C002834E9 /* Coffee.swift in Sources */ = {isa = PBXBuildFile; fileRef = D7C7F4872B6BCA5C002834E9 /* Coffee.swift */; };
/* End PBXBuildFile section */

/* Begin PBXFileReference section */
		D7C7F46C2B6B91FC002834E9 /* CoffeePractice.app */ = {isa = PBXFileReference; explicitFileType = wrapper.application; includeInIndex = 0; path = CoffeePractice.app; sourceTree = BUILT_PRODUCTS_DIR; };
		D7C7F46F2B6B91FC002834E9 /* CoffeePracticeApp.swift */ = {isa = PBXFileReference; lastKnownFileType = sourcecode.swift; path = CoffeePracticeApp.swift; sourceTree = "<group>"; };
		D7C7F4712B6B91FC002834E9 /* CoffeesView.swift */ = {isa = PBXFileReference; lastKnownFileType = sourcecode.swift; path = CoffeesView.swift; sourceTree = "<group>"; };
		D7C7F4732B6B91FF002834E9 /* Assets.xcassets */ = {isa = PBXFileReference; lastKnownFileType = folder.assetcatalog; path = Assets.xcassets; sourceTree = "<group>"; };
		D7C7F4762B6B91FF002834E9 /* Preview Assets.xcassets */ = {isa = PBXFileReference; lastKnownFileType = folder.assetcatalog; path = "Preview Assets.xcassets"; sourceTree = "<group>"; };
		D7C7F4812B6BA6CF002834E9 /* CoffeeDetailView.swift */ = {isa = PBXFileReference; lastKnownFileType = sourcecode.swift; path = CoffeeDetailView.swift; sourceTree = "<group>"; };
		D7C7F4832B6BA6F6002834E9 /* CoffeesViewModel.swift */ = {isa = PBXFileReference; lastKnownFileType = sourcecode.swift; path = CoffeesViewModel.swift; sourceTree = "<group>"; };
		D7C7F4852B6BA70C002834E9 /* CoffeeDetailViewModel.swift */ = {isa = PBXFileReference; lastKnownFileType = sourcecode.swift; path = CoffeeDetailViewModel.swift; sourceTree = "<group>"; };
		D7C7F4872B6BCA5C002834E9 /* Coffee.swift */ = {isa = PBXFileReference; lastKnownFileType = sourcecode.swift; path = Coffee.swift; sourceTree = "<group>"; };
/* End PBXFileReference section */

/* Begin PBXFrameworksBuildPhase section */
		D7C7F4692B6B91FC002834E9 /* Frameworks */ = {
			isa = PBXFrameworksBuildPhase;
			buildActionMask = 2147483647;
			files = (
			);
			runOnlyForDeploymentPostprocessing = 0;
		};
/* End PBXFrameworksBuildPhase section */

/* Begin PBXGroup section */
		D7C7F4632B6B91FC002834E9 = {
			isa = PBXGroup;
			children = (
				D7C7F46E2B6B91FC002834E9 /* CoffeePractice */,
				D7C7F46D2B6B91FC002834E9 /* Products */,
			);
			sourceTree = "<group>";
		};
		D7C7F46D2B6B91FC002834E9 /* Products */ = {
			isa = PBXGroup;
			children = (
				D7C7F46C2B6B91FC002834E9 /* CoffeePractice.app */,
			);
			name = Products;
			sourceTree = "<group>";
		};
		D7C7F46E2B6B91FC002834E9 /* CoffeePractice */ = {
			isa = PBXGroup;
			children = (
				D7C7F46F2B6B91FC002834E9 /* CoffeePracticeApp.swift */,
				D7C7F47D2B6BA5B7002834E9 /* Model */,
				D7C7F47E2B6BA5C8002834E9 /* View */,
				D7C7F4732B6B91FF002834E9 /* Assets.xcassets */,
				D7C7F4752B6B91FF002834E9 /* Preview Content */,
			);
			path = CoffeePractice;
			sourceTree = "<group>";
		};
		D7C7F4752B6B91FF002834E9 /* Preview Content */ = {
			isa = PBXGroup;
			children = (
				D7C7F4762B6B91FF002834E9 /* Preview Assets.xcassets */,
			);
			path = "Preview Content";
			sourceTree = "<group>";
		};
		D7C7F47D2B6BA5B7002834E9 /* Model */ = {
			isa = PBXGroup;
			children = (
				D7C7F4872B6BCA5C002834E9 /* Coffee.swift */,
			);
			path = Model;
			sourceTree = "<group>";
		};
		D7C7F47E2B6BA5C8002834E9 /* View */ = {
			isa = PBXGroup;
			children = (
				D7C7F47F2B6BA5D1002834E9 /* Coffees */,
			);
			path = View;
			sourceTree = "<group>";
		};
		D7C7F47F2B6BA5D1002834E9 /* Coffees */ = {
			isa = PBXGroup;
			children = (
				D7C7F4802B6BA65E002834E9 /* Detail */,
				D7C7F4712B6B91FC002834E9 /* CoffeesView.swift */,
				D7C7F4832B6BA6F6002834E9 /* CoffeesViewModel.swift */,
			);
			path = Coffees;
			sourceTree = "<group>";
		};
		D7C7F4802B6BA65E002834E9 /* Detail */ = {
			isa = PBXGroup;
			children = (
				D7C7F4812B6BA6CF002834E9 /* CoffeeDetailView.swift */,
				D7C7F4852B6BA70C002834E9 /* CoffeeDetailViewModel.swift */,
			);
			path = Detail;
			sourceTree = "<group>";
		};
/* End PBXGroup section */

/* Begin PBXNativeTarget section */
		D7C7F46B2B6B91FC002834E9 /* CoffeePractice */ = {
			isa = PBXNativeTarget;
			buildConfigurationList = D7C7F47A2B6B91FF002834E9 /* Build configuration list for PBXNativeTarget "CoffeePractice" */;
			buildPhases = (
				D7C7F4682B6B91FC002834E9 /* Sources */,
				D7C7F4692B6B91FC002834E9 /* Frameworks */,
				D7C7F46A2B6B91FC002834E9 /* Resources */,
			);
			buildRules = (
			);
			dependencies = (
			);
			name = CoffeePractice;
			productName = CoffeePractice;
			productReference = D7C7F46C2B6B91FC002834E9 /* CoffeePractice.app */;
			productType = "com.apple.product-type.application";
		};
/* End PBXNativeTarget section */

/* Begin PBXProject section */
		D7C7F4642B6B91FC002834E9 /* Project object */ = {
			isa = PBXProject;
			attributes = {
				BuildIndependentTargetsInParallel = 1;
				LastSwiftUpdateCheck = 1430;
				LastUpgradeCheck = 1430;
				TargetAttributes = {
					D7C7F46B2B6B91FC002834E9 = {
						CreatedOnToolsVersion = 14.3.1;
					};
				};
			};
			buildConfigurationList = D7C7F4672B6B91FC002834E9 /* Build configuration list for PBXProject "CoffeePractice" */;
			compatibilityVersion = "Xcode 14.0";
			developmentRegion = en;
			hasScannedForEncodings = 0;
			knownRegions = (
				en,
				Base,
			);
			mainGroup = D7C7F4632B6B91FC002834E9;
			productRefGroup = D7C7F46D2B6B91FC002834E9 /* Products */;
			projectDirPath = "";
			projectRoot = "";
			targets = (
				D7C7F46B2B6B91FC002834E9 /* CoffeePractice */,
			);
		};
/* End PBXProject section */

/* Begin PBXResourcesBuildPhase section */
		D7C7F46A2B6B91FC002834E9 /* Resources */ = {
			isa = PBXResourcesBuildPhase;
			buildActionMask = 2147483647;
			files = (
				D7C7F4772B6B91FF002834E9 /* Preview Assets.xcassets in Resources */,
				D7C7F4742B6B91FF002834E9 /* Assets.xcassets in Resources */,
			);
			runOnlyForDeploymentPostprocessing = 0;
		};
/* End PBXResourcesBuildPhase section */

/* Begin PBXSourcesBuildPhase section */
		D7C7F4682B6B91FC002834E9 /* Sources */ = {
			isa = PBXSourcesBuildPhase;
			buildActionMask = 2147483647;
			files = (
				D7C7F4842B6BA6F6002834E9 /* CoffeesViewModel.swift in Sources */,
				D7C7F4822B6BA6CF002834E9 /* CoffeeDetailView.swift in Sources */,
				D7C7F4722B6B91FC002834E9 /* CoffeesView.swift in Sources */,
				D7C7F4702B6B91FC002834E9 /* CoffeePracticeApp.swift in Sources */,
				D7C7F4862B6BA70C002834E9 /* CoffeeDetailViewModel.swift in Sources */,
				D7C7F4882B6BCA5C002834E9 /* Coffee.swift in Sources */,
			);
			runOnlyForDeploymentPostprocessing = 0;
		};
/* End PBXSourcesBuildPhase section */

/* Begin XCBuildConfiguration section */
		D7C7F4782B6B91FF002834E9 /* Debug */ = {
			isa = XCBuildConfiguration;
			buildSettings = {
				ALWAYS_SEARCH_USER_PATHS = NO;
				CLANG_ANALYZER_NONNULL = YES;
				CLANG_ANALYZER_NUMBER_OBJECT_CONVERSION = YES_AGGRESSIVE;
				CLANG_CXX_LANGUAGE_STANDARD = "gnu++20";
				CLANG_ENABLE_MODULES = YES;
				CLANG_ENABLE_OBJC_ARC = YES;
				CLANG_ENABLE_OBJC_WEAK = YES;
				CLANG_WARN_BLOCK_CAPTURE_AUTORELEASING = YES;
				CLANG_WARN_BOOL_CONVERSION = YES;
				CLANG_WARN_COMMA = YES;
				CLANG_WARN_CONSTANT_CONVERSION = YES;
				CLANG_WARN_DEPRECATED_OBJC_IMPLEMENTATIONS = YES;
				CLANG_WARN_DIRECT_OBJC_ISA_USAGE = YES_ERROR;
				CLANG_WARN_DOCUMENTATION_COMMENTS = YES;
				CLANG_WARN_EMPTY_BODY = YES;
				CLANG_WARN_ENUM_CONVERSION = YES;
				CLANG_WARN_INFINITE_RECURSION = YES;
				CLANG_WARN_INT_CONVERSION = YES;
				CLANG_WARN_NON_LITERAL_NULL_CONVERSION = YES;
				CLANG_WARN_OBJC_IMPLICIT_RETAIN_SELF = YES;
				CLANG_WARN_OBJC_LITERAL_CONVERSION = YES;
				CLANG_WARN_OBJC_ROOT_CLASS = YES_ERROR;
				CLANG_WARN_QUOTED_INCLUDE_IN_FRAMEWORK_HEADER = YES;
				CLANG_WARN_RANGE_LOOP_ANALYSIS = YES;
				CLANG_WARN_STRICT_PROTOTYPES = YES;
				CLANG_WARN_SUSPICIOUS_MOVE = YES;
				CLANG_WARN_UNGUARDED_AVAILABILITY = YES_AGGRESSIVE;
				CLANG_WARN_UNREACHABLE_CODE = YES;
				CLANG_WARN__DUPLICATE_METHOD_MATCH = YES;
				COPY_PHASE_STRIP = NO;
				DEBUG_INFORMATION_FORMAT = dwarf;
				ENABLE_STRICT_OBJC_MSGSEND = YES;
				ENABLE_TESTABILITY = YES;
				GCC_C_LANGUAGE_STANDARD = gnu11;
				GCC_DYNAMIC_NO_PIC = NO;
				GCC_NO_COMMON_BLOCKS = YES;
				GCC_OPTIMIZATION_LEVEL = 0;
				GCC_PREPROCESSOR_DEFINITIONS = (
					"DEBUG=1",
					"$(inherited)",
				);
				GCC_WARN_64_TO_32_BIT_CONVERSION = YES;
				GCC_WARN_ABOUT_RETURN_TYPE = YES_ERROR;
				GCC_WARN_UNDECLARED_SELECTOR = YES;
				GCC_WARN_UNINITIALIZED_AUTOS = YES_AGGRESSIVE;
				GCC_WARN_UNUSED_FUNCTION = YES;
				GCC_WARN_UNUSED_VARIABLE = YES;
				IPHONEOS_DEPLOYMENT_TARGET = 16.4;
				MTL_ENABLE_DEBUG_INFO = INCLUDE_SOURCE;
				MTL_FAST_MATH = YES;
				ONLY_ACTIVE_ARCH = YES;
				SDKROOT = iphoneos;
				SWIFT_ACTIVE_COMPILATION_CONDITIONS = DEBUG;
				SWIFT_OPTIMIZATION_LEVEL = "-Onone";
			};
			name = Debug;
		};
		D7C7F4792B6B91FF002834E9 /* Release */ = {
			isa = XCBuildConfiguration;
			buildSettings = {
				ALWAYS_SEARCH_USER_PATHS = NO;
				CLANG_ANALYZER_NONNULL = YES;
				CLANG_ANALYZER_NUMBER_OBJECT_CONVERSION = YES_AGGRESSIVE;
				CLANG_CXX_LANGUAGE_STANDARD = "gnu++20";
				CLANG_ENABLE_MODULES = YES;
				CLANG_ENABLE_OBJC_ARC = YES;
				CLANG_ENABLE_OBJC_WEAK = YES;
				CLANG_WARN_BLOCK_CAPTURE_AUTORELEASING = YES;
				CLANG_WARN_BOOL_CONVERSION = YES;
				CLANG_WARN_COMMA = YES;
				CLANG_WARN_CONSTANT_CONVERSION = YES;
				CLANG_WARN_DEPRECATED_OBJC_IMPLEMENTATIONS = YES;
				CLANG_WARN_DIRECT_OBJC_ISA_USAGE = YES_ERROR;
				CLANG_WARN_DOCUMENTATION_COMMENTS = YES;
				CLANG_WARN_EMPTY_BODY = YES;
				CLANG_WARN_ENUM_CONVERSION = YES;
				CLANG_WARN_INFINITE_RECURSION = YES;
				CLANG_WARN_INT_CONVERSION = YES;
				CLANG_WARN_NON_LITERAL_NULL_CONVERSION = YES;
				CLANG_WARN_OBJC_IMPLICIT_RETAIN_SELF = YES;
				CLANG_WARN_OBJC_LITERAL_CONVERSION = YES;
				CLANG_WARN_OBJC_ROOT_CLASS = YES_ERROR;
				CLANG_WARN_QUOTED_INCLUDE_IN_FRAMEWORK_HEADER = YES;
				CLANG_WARN_RANGE_LOOP_ANALYSIS = YES;
				CLANG_WARN_STRICT_PROTOTYPES = YES;
				CLANG_WARN_SUSPICIOUS_MOVE = YES;
				CLANG_WARN_UNGUARDED_AVAILABILITY = YES_AGGRESSIVE;
				CLANG_WARN_UNREACHABLE_CODE = YES;
				CLANG_WARN__DUPLICATE_METHOD_MATCH = YES;
				COPY_PHASE_STRIP = NO;
				DEBUG_INFORMATION_FORMAT = "dwarf-with-dsym";
				ENABLE_NS_ASSERTIONS = NO;
				ENABLE_STRICT_OBJC_MSGSEND = YES;
				GCC_C_LANGUAGE_STANDARD = gnu11;
				GCC_NO_COMMON_BLOCKS = YES;
				GCC_WARN_64_TO_32_BIT_CONVERSION = YES;
				GCC_WARN_ABOUT_RETURN_TYPE = YES_ERROR;
				GCC_WARN_UNDECLARED_SELECTOR = YES;
				GCC_WARN_UNINITIALIZED_AUTOS = YES_AGGRESSIVE;
				GCC_WARN_UNUSED_FUNCTION = YES;
				GCC_WARN_UNUSED_VARIABLE = YES;
				IPHONEOS_DEPLOYMENT_TARGET = 16.4;
				MTL_ENABLE_DEBUG_INFO = NO;
				MTL_FAST_MATH = YES;
				SDKROOT = iphoneos;
				SWIFT_COMPILATION_MODE = wholemodule;
				SWIFT_OPTIMIZATION_LEVEL = "-O";
				VALIDATE_PRODUCT = YES;
			};
			name = Release;
		};
		D7C7F47B2B6B91FF002834E9 /* Debug */ = {
			isa = XCBuildConfiguration;
			buildSettings = {
				ASSETCATALOG_COMPILER_APPICON_NAME = AppIcon;
				ASSETCATALOG_COMPILER_GLOBAL_ACCENT_COLOR_NAME = AccentColor;
				CODE_SIGN_STYLE = Automatic;
				CURRENT_PROJECT_VERSION = 1;
				DEVELOPMENT_ASSET_PATHS = "\"CoffeePractice/Preview Content\"";
				DEVELOPMENT_TEAM = X2AMT2CC25;
				ENABLE_PREVIEWS = YES;
				GENERATE_INFOPLIST_FILE = YES;
				INFOPLIST_KEY_UIApplicationSceneManifest_Generation = YES;
				INFOPLIST_KEY_UIApplicationSupportsIndirectInputEvents = YES;
				INFOPLIST_KEY_UILaunchScreen_Generation = YES;
				INFOPLIST_KEY_UISupportedInterfaceOrientations_iPad = "UIInterfaceOrientationPortrait UIInterfaceOrientationPortraitUpsideDown UIInterfaceOrientationLandscapeLeft UIInterfaceOrientationLandscapeRight";
				INFOPLIST_KEY_UISupportedInterfaceOrientations_iPhone = "UIInterfaceOrientationPortrait UIInterfaceOrientationLandscapeLeft UIInterfaceOrientationLandscapeRight";
				LD_RUNPATH_SEARCH_PATHS = (
					"$(inherited)",
					"@executable_path/Frameworks",
				);
				MARKETING_VERSION = 1.0;
				PRODUCT_BUNDLE_IDENTIFIER = com.florian.CoffeePractice;
				PRODUCT_NAME = "$(TARGET_NAME)";
				SWIFT_EMIT_LOC_STRINGS = YES;
				SWIFT_VERSION = 5.0;
				TARGETED_DEVICE_FAMILY = "1,2";
			};
			name = Debug;
		};
		D7C7F47C2B6B91FF002834E9 /* Release */ = {
			isa = XCBuildConfiguration;
			buildSettings = {
				ASSETCATALOG_COMPILER_APPICON_NAME = AppIcon;
				ASSETCATALOG_COMPILER_GLOBAL_ACCENT_COLOR_NAME = AccentColor;
				CODE_SIGN_STYLE = Automatic;
				CURRENT_PROJECT_VERSION = 1;
				DEVELOPMENT_ASSET_PATHS = "\"CoffeePractice/Preview Content\"";
				DEVELOPMENT_TEAM = X2AMT2CC25;
				ENABLE_PREVIEWS = YES;
				GENERATE_INFOPLIST_FILE = YES;
				INFOPLIST_KEY_UIApplicationSceneManifest_Generation = YES;
				INFOPLIST_KEY_UIApplicationSupportsIndirectInputEvents = YES;
				INFOPLIST_KEY_UILaunchScreen_Generation = YES;
				INFOPLIST_KEY_UISupportedInterfaceOrientations_iPad = "UIInterfaceOrientationPortrait UIInterfaceOrientationPortraitUpsideDown UIInterfaceOrientationLandscapeLeft UIInterfaceOrientationLandscapeRight";
				INFOPLIST_KEY_UISupportedInterfaceOrientations_iPhone = "UIInterfaceOrientationPortrait UIInterfaceOrientationLandscapeLeft UIInterfaceOrientationLandscapeRight";
				LD_RUNPATH_SEARCH_PATHS = (
					"$(inherited)",
					"@executable_path/Frameworks",
				);
				MARKETING_VERSION = 1.0;
				PRODUCT_BUNDLE_IDENTIFIER = com.florian.CoffeePractice;
				PRODUCT_NAME = "$(TARGET_NAME)";
				SWIFT_EMIT_LOC_STRINGS = YES;
				SWIFT_VERSION = 5.0;
				TARGETED_DEVICE_FAMILY = "1,2";
			};
			name = Release;
		};
/* End XCBuildConfiguration section */

/* Begin XCConfigurationList section */
		D7C7F4672B6B91FC002834E9 /* Build configuration list for PBXProject "CoffeePractice" */ = {
			isa = XCConfigurationList;
			buildConfigurations = (
				D7C7F4782B6B91FF002834E9 /* Debug */,
				D7C7F4792B6B91FF002834E9 /* Release */,
			);
			defaultConfigurationIsVisible = 0;
			defaultConfigurationName = Release;
		};
		D7C7F47A2B6B91FF002834E9 /* Build configuration list for PBXNativeTarget "CoffeePractice" */ = {
			isa = XCConfigurationList;
			buildConfigurations = (
				D7C7F47B2B6B91FF002834E9 /* Debug */,
				D7C7F47C2B6B91FF002834E9 /* Release */,
			);
			defaultConfigurationIsVisible = 0;
			defaultConfigurationName = Release;
		};
/* End XCConfigurationList section */
	};
	rootObject = D7C7F4642B6B91FC002834E9 /* Project object */;
}
